
Microsoft Visual Studio Solution File, Format Version 12.00
# Visual Studio 15
VisualStudioVersion = 15.0.27703.2026
MinimumVisualStudioVersion = 10.0.40219.1
Project("{9A19103F-16F7-4668-BE54-9A1E7A4F7556}") = "Push-Notifications", "Push-Notifications\Push-Notifications.csproj", "{F91DB2A0-E9B2-4969-ACA2-FE0C4733B756}"
EndProject
Project("{FAE04EC0-301F-11D3-BF4B-00C04F79EFBC}") = "DataLevelLogic", "DataLevelLogic\DataLevelLogic.csproj", "{69061149-E3CB-4EE0-A5DF-389CD0EE6776}"
EndProject
Global
	GlobalSection(SolutionConfigurationPlatforms) = preSolution
		Debug|Any CPU = Debug|Any CPU
		Release|Any CPU = Release|Any CPU
	EndGlobalSection
	GlobalSection(ProjectConfigurationPlatforms) = postSolution
		{F91DB2A0-E9B2-4969-ACA2-FE0C4733B756}.Debug|Any CPU.ActiveCfg = Debug|Any CPU
		{F91DB2A0-E9B2-4969-ACA2-FE0C4733B756}.Debug|Any CPU.Build.0 = Debug|Any CPU
		{F91DB2A0-E9B2-4969-ACA2-FE0C4733B756}.Release|Any CPU.ActiveCfg = Release|Any CPU
		{F91DB2A0-E9B2-4969-ACA2-FE0C4733B756}.Release|Any CPU.Build.0 = Release|Any CPU
		{69061149-E3CB-4EE0-A5DF-389CD0EE6776}.Debug|Any CPU.ActiveCfg = Debug|Any CPU
		{69061149-E3CB-4EE0-A5DF-389CD0EE6776}.Debug|Any CPU.Build.0 = Debug|Any CPU
		{69061149-E3CB-4EE0-A5DF-389CD0EE6776}.Release|Any CPU.ActiveCfg = Release|Any CPU
		{69061149-E3CB-4EE0-A5DF-389CD0EE6776}.Release|Any CPU.Build.0 = Release|Any CPU
	EndGlobalSection
	GlobalSection(SolutionProperties) = preSolution
		HideSolutionNode = FALSE
	EndGlobalSection
	GlobalSection(ExtensibilityGlobals) = postSolution
		SolutionGuid = {ABAB6D75-CC86-4F4D-BA1F-9BAE74B71414}
	EndGlobalSection
EndGlobal
